{
  "name": "ojs-bulma",
  "version": "1.0.0",
  "lockfileVersion": 1,
  "requires": true,
  "dependencies": {
    "@creativebulma/bulma-collapsible": {
      "version": "1.0.4",
      "resolved": "https://r2.cnpmjs.org/@creativebulma/bulma-collapsible/-/bulma-collapsible-1.0.4.tgz",
      "integrity": "sha512-aNqSwyuJxshoIc4oD3wJ3eRqOANRweYfpzqmef/fj5tf0Yn7UVx99yh8ovY6vhB8Il31bFcc7f/eRfJvEMNUPw==",
      "dev": true,
      "requires": {
        "bulma": "^1.0.1"
      },
      "dependencies": {
        "bulma": {
          "version": "1.0.1",
          "resolved": "https://r.cnpmjs.org/bulma/-/bulma-1.0.1.tgz",
          "integrity": "sha512-+xv/BIAEQakHkR0QVz+s+RjNqfC53Mx9ZYexyaFNFo9wx5i76HXArNdwW7bccyJxa5mgV/T5DcVGqsAB19nBJQ==",
          "dev": true
        }
      }
    },
    "bulma": {
      "version": "1.0.1",
      "resolved": "https://r.cnpmjs.org/bulma/-/bulma-1.0.1.tgz",
      "integrity": "sha512-+xv/BIAEQakHkR0QVz+s+RjNqfC53Mx9ZYexyaFNFo9wx5i76HXArNdwW7bccyJxa5mgV/T5DcVGqsAB19nBJQ==",
      "dev": true
    }
  }
}
